# This file is autogenerated, do not edit; changes may be undone by the next 'dep ensure'.


[[projects]]
  branch = "master"
  digest = "1:32f5f12d37b5190224933210706f302f840312b5848578dbdbc543a1646ce7ec"
  name = "github.com/DiscoFighter47/gEro"
  packages = ["."]
  pruneopts = "UT"
  revision = "be8fe44f6f44332fae464e7bbf51b6aeec35377d"

[[projects]]
  branch = "master"
  digest = "1:d6f154394a76b51fd95015e236eeaf724c7831c6dfb1ec9a4794368bcadba9b8"
  name = "github.com/DiscoFighter47/gSON"
  packages = ["."]
  pruneopts = "UT"
  revision = "3612aa6e41b53abbe07d3c6f12783d9828925ee6"

[[projects]]
  branch = "master"
  digest = "1:9c9a4a6242c924fb41728ce5c14dc03de990cb5b0049cac6413b8a739ee422a5"
  name = "magic.pathao.com/wallet/common"
  packages = ["wlters"]
  pruneopts = "UT"
  revision = "ce09b11f894ff230368f0835d31f396a8dbb42ab"

[solve-meta]
  analyzer-name = "dep"
  analyzer-version = 1
  input-imports = [
    "github.com/DiscoFighter47/gEro",
    "github.com/DiscoFighter47/gSON",
    "magic.pathao.com/wallet/common/wlters",
  ]
  solver-name = "gps-cdcl"
  solver-version = 1
